// !$*UTF8*$!
{
	archiveVersion = 1;
	classes = {
	};
	objectVersion = 46;
	objects = {

/* Begin PBXBuildFile section */
		E3CBE2401E6B966400B6126E /* AppDelegate.swift in Sources */ = {isa = PBXBuildFile; fileRef = E3CBE23F1E6B966400B6126E /* AppDelegate.swift */; };
		E3CBE2421E6B966400B6126E /* ViewController.swift in Sources */ = {isa = PBXBuildFile; fileRef = E3CBE2411E6B966400B6126E /* ViewController.swift */; };
		E3CBE2451E6B966400B6126E /* Main.storyboard in Resources */ = {isa = PBXBuildFile; fileRef = E3CBE2431E6B966400B6126E /* Main.storyboard */; };
		E3CBE2471E6B966400B6126E /* Assets.xcassets in Resources */ = {isa = PBXBuildFile; fileRef = E3CBE2461E6B966400B6126E /* Assets.xcassets */; };
		E3CBE24A1E6B966400B6126E /* LaunchScreen.storyboard in Resources */ = {isa = PBXBuildFile; fileRef = E3CBE2481E6B966400B6126E /* LaunchScreen.storyboard */; };
		E3CBE2551E6B966400B6126E /* ProlificLibraryAppTests.swift in Sources */ = {isa = PBXBuildFile; fileRef = E3CBE2541E6B966400B6126E /* ProlificLibraryAppTests.swift */; };
		E3CBE2601E6B967F00B6126E /* APIClient.swift in Sources */ = {isa = PBXBuildFile; fileRef = E3CBE25F1E6B967F00B6126E /* APIClient.swift */; };
		E3CBE2621E6B994200B6126E /* ParsableProtocol.swift in Sources */ = {isa = PBXBuildFile; fileRef = E3CBE2611E6B994200B6126E /* ParsableProtocol.swift */; };
		E3CBE2681E6BAEB200B6126E /* BookModel.swift in Sources */ = {isa = PBXBuildFile; fileRef = E3CBE2671E6BAEB200B6126E /* BookModel.swift */; };
		E3CBE26A1E6BC05F00B6126E /* URLRequestBuilder.swift in Sources */ = {isa = PBXBuildFile; fileRef = E3CBE2691E6BC05F00B6126E /* URLRequestBuilder.swift */; };
		E3CBE26C1E6BC1D400B6126E /* ViewModel.swift in Sources */ = {isa = PBXBuildFile; fileRef = E3CBE26B1E6BC1D400B6126E /* ViewModel.swift */; };
/* End PBXBuildFile section */

/* Begin PBXContainerItemProxy section */
		E3CBE2511E6B966400B6126E /* PBXContainerItemProxy */ = {
			isa = PBXContainerItemProxy;
			containerPortal = E3CBE2341E6B966400B6126E /* Project object */;
			proxyType = 1;
			remoteGlobalIDString = E3CBE23B1E6B966400B6126E;
			remoteInfo = ProlificLibraryApp;
		};
/* End PBXContainerItemProxy section */

/* Begin PBXFileReference section */
		E3CBE23C1E6B966400B6126E /* ProlificLibraryApp.app */ = {isa = PBXFileReference; explicitFileType = wrapper.application; includeInIndex = 0; path = ProlificLibraryApp.app; sourceTree = BUILT_PRODUCTS_DIR; };
		E3CBE23F1E6B966400B6126E /* AppDelegate.swift */ = {isa = PBXFileReference; lastKnownFileType = sourcecode.swift; path = AppDelegate.swift; sourceTree = "<group>"; };
		E3CBE2411E6B966400B6126E /* ViewController.swift */ = {isa = PBXFileReference; lastKnownFileType = sourcecode.swift; path = ViewController.swift; sourceTree = "<group>"; };
		E3CBE2441E6B966400B6126E /* Base */ = {isa = PBXFileReference; lastKnownFileType = file.storyboard; name = Base; path = Base.lproj/Main.storyboard; sourceTree = "<group>"; };
		E3CBE2461E6B966400B6126E /* Assets.xcassets */ = {isa = PBXFileReference; lastKnownFileType = folder.assetcatalog; path = Assets.xcassets; sourceTree = "<group>"; };
		E3CBE2491E6B966400B6126E /* Base */ = {isa = PBXFileReference; lastKnownFileType = file.storyboard; name = Base; path = Base.lproj/LaunchScreen.storyboard; sourceTree = "<group>"; };
		E3CBE24B1E6B966400B6126E /* Info.plist */ = {isa = PBXFileReference; lastKnownFileType = text.plist.xml; path = Info.plist; sourceTree = "<group>"; };
		E3CBE2501E6B966400B6126E /* ProlificLibraryAppTests.xctest */ = {isa = PBXFileReference; explicitFileType = wrapper.cfbundle; includeInIndex = 0; path = ProlificLibraryAppTests.xctest; sourceTree = BUILT_PRODUCTS_DIR; };
		E3CBE2541E6B966400B6126E /* ProlificLibraryAppTests.swift */ = {isa = PBXFileReference; lastKnownFileType = sourcecode.swift; path = ProlificLibraryAppTests.swift; sourceTree = "<group>"; };
		E3CBE2561E6B966400B6126E /* Info.plist */ = {isa = PBXFileReference; lastKnownFileType = text.plist.xml; path = Info.plist; sourceTree = "<group>"; };
		E3CBE25F1E6B967F00B6126E /* APIClient.swift */ = {isa = PBXFileReference; fileEncoding = 4; lastKnownFileType = sourcecode.swift; path = APIClient.swift; sourceTree = "<group>"; };
		E3CBE2611E6B994200B6126E /* ParsableProtocol.swift */ = {isa = PBXFileReference; fileEncoding = 4; lastKnownFileType = sourcecode.swift; path = ParsableProtocol.swift; sourceTree = "<group>"; };
		E3CBE2671E6BAEB200B6126E /* BookModel.swift */ = {isa = PBXFileReference; fileEncoding = 4; lastKnownFileType = sourcecode.swift; path = BookModel.swift; sourceTree = "<group>"; };
		E3CBE2691E6BC05F00B6126E /* URLRequestBuilder.swift */ = {isa = PBXFileReference; fileEncoding = 4; lastKnownFileType = sourcecode.swift; path = URLRequestBuilder.swift; sourceTree = "<group>"; };
		E3CBE26B1E6BC1D400B6126E /* ViewModel.swift */ = {isa = PBXFileReference; fileEncoding = 4; lastKnownFileType = sourcecode.swift; path = ViewModel.swift; sourceTree = "<group>"; };
/* End PBXFileReference section */

/* Begin PBXFrameworksBuildPhase section */
		E3CBE2391E6B966400B6126E /* Frameworks */ = {
			isa = PBXFrameworksBuildPhase;
			buildActionMask = 2147483647;
			files = (
			);
			runOnlyForDeploymentPostprocessing = 0;
		};
		E3CBE24D1E6B966400B6126E /* Frameworks */ = {
			isa = PBXFrameworksBuildPhase;
			buildActionMask = 2147483647;
			files = (
			);
			runOnlyForDeploymentPostprocessing = 0;
		};
/* End PBXFrameworksBuildPhase section */

/* Begin PBXGroup section */
		E3CBE2331E6B966400B6126E = {
			isa = PBXGroup;
			children = (
				E3CBE23E1E6B966400B6126E /* ProlificLibraryApp */,
				E3CBE2531E6B966400B6126E /* ProlificLibraryAppTests */,
				E3CBE23D1E6B966400B6126E /* Products */,
			);
			sourceTree = "<group>";
		};
		E3CBE23D1E6B966400B6126E /* Products */ = {
			isa = PBXGroup;
			children = (
				E3CBE23C1E6B966400B6126E /* ProlificLibraryApp.app */,
				E3CBE2501E6B966400B6126E /* ProlificLibraryAppTests.xctest */,
			);
			name = Products;
			sourceTree = "<group>";
		};
		E3CBE23E1E6B966400B6126E /* ProlificLibraryApp */ = {
			isa = PBXGroup;
			children = (
				E3CBE23F1E6B966400B6126E /* AppDelegate.swift */,
				E3CBE2411E6B966400B6126E /* ViewController.swift */,
				E3CBE2611E6B994200B6126E /* ParsableProtocol.swift */,
				E3CBE2671E6BAEB200B6126E /* BookModel.swift */,
				E3CBE25F1E6B967F00B6126E /* APIClient.swift */,
				E3CBE2691E6BC05F00B6126E /* URLRequestBuilder.swift */,
				E3CBE26B1E6BC1D400B6126E /* ViewModel.swift */,
				E3CBE2431E6B966400B6126E /* Main.storyboard */,
				E3CBE2461E6B966400B6126E /* Assets.xcassets */,
				E3CBE2481E6B966400B6126E /* LaunchScreen.storyboard */,
				E3CBE24B1E6B966400B6126E /* Info.plist */,
			);
			path = ProlificLibraryApp;
			sourceTree = "<group>";
		};
		E3CBE2531E6B966400B6126E /* ProlificLibraryAppTests */ = {
			isa = PBXGroup;
			children = (
				E3CBE2541E6B966400B6126E /* ProlificLibraryAppTests.swift */,
				E3CBE2561E6B966400B6126E /* Info.plist */,
			);
			path = ProlificLibraryAppTests;
			sourceTree = "<group>";
		};
/* End PBXGroup section */

/* Begin PBXNativeTarget section */
		E3CBE23B1E6B966400B6126E /* ProlificLibraryApp */ = {
			isa = PBXNativeTarget;
			buildConfigurationList = E3CBE2591E6B966400B6126E /* Build configuration list for PBXNativeTarget "ProlificLibraryApp" */;
			buildPhases = (
				E3CBE2381E6B966400B6126E /* Sources */,
				E3CBE2391E6B966400B6126E /* Frameworks */,
				E3CBE23A1E6B966400B6126E /* Resources */,
			);
			buildRules = (
			);
			dependencies = (
			);
			name = ProlificLibraryApp;
			productName = ProlificLibraryApp;
			productReference = E3CBE23C1E6B966400B6126E /* ProlificLibraryApp.app */;
			productType = "com.apple.product-type.application";
		};
		E3CBE24F1E6B966400B6126E /* ProlificLibraryAppTests */ = {
			isa = PBXNativeTarget;
			buildConfigurationList = E3CBE25C1E6B966400B6126E /* Build configuration list for PBXNativeTarget "ProlificLibraryAppTests" */;
			buildPhases = (
				E3CBE24C1E6B966400B6126E /* Sources */,
				E3CBE24D1E6B966400B6126E /* Frameworks */,
				E3CBE24E1E6B966400B6126E /* Resources */,
			);
			buildRules = (
			);
			dependencies = (
				E3CBE2521E6B966400B6126E /* PBXTargetDependency */,
			);
			name = ProlificLibraryAppTests;
			productName = ProlificLibraryAppTests;
			productReference = E3CBE2501E6B966400B6126E /* ProlificLibraryAppTests.xctest */;
			productType = "com.apple.product-type.bundle.unit-test";
		};
/* End PBXNativeTarget section */

/* Begin PBXProject section */
		E3CBE2341E6B966400B6126E /* Project object */ = {
			isa = PBXProject;
			attributes = {
				LastSwiftUpdateCheck = 0810;
				LastUpgradeCheck = 0810;
				ORGANIZATIONNAME = "Bereket Ghebremedhin";
				TargetAttributes = {
					E3CBE23B1E6B966400B6126E = {
						CreatedOnToolsVersion = 8.1;
						ProvisioningStyle = Automatic;
					};
					E3CBE24F1E6B966400B6126E = {
						CreatedOnToolsVersion = 8.1;
						ProvisioningStyle = Automatic;
						TestTargetID = E3CBE23B1E6B966400B6126E;
					};
				};
			};
			buildConfigurationList = E3CBE2371E6B966400B6126E /* Build configuration list for PBXProject "ProlificLibraryApp" */;
			compatibilityVersion = "Xcode 3.2";
			developmentRegion = English;
			hasScannedForEncodings = 0;
			knownRegions = (
				en,
				Base,
			);
			mainGroup = E3CBE2331E6B966400B6126E;
			productRefGroup = E3CBE23D1E6B966400B6126E /* Products */;
			projectDirPath = "";
			projectRoot = "";
			targets = (
				E3CBE23B1E6B966400B6126E /* ProlificLibraryApp */,
				E3CBE24F1E6B966400B6126E /* ProlificLibraryAppTests */,
			);
		};
/* End PBXProject section */

/* Begin PBXResourcesBuildPhase section */
		E3CBE23A1E6B966400B6126E /* Resources */ = {
			isa = PBXResourcesBuildPhase;
			buildActionMask = 2147483647;
			files = (
				E3CBE24A1E6B966400B6126E /* LaunchScreen.storyboard in Resources */,
				E3CBE2471E6B966400B6126E /* Assets.xcassets in Resources */,
				E3CBE2451E6B966400B6126E /* Main.storyboard in Resources */,
			);
			runOnlyForDeploymentPostprocessing = 0;
		};
		E3CBE24E1E6B966400B6126E /* Resources */ = {
			isa = PBXResourcesBuildPhase;
			buildActionMask = 2147483647;
			files = (
			);
			runOnlyForDeploymentPostprocessing = 0;
		};
/* End PBXResourcesBuildPhase section */

/* Begin PBXSourcesBuildPhase section */
		E3CBE2381E6B966400B6126E /* Sources */ = {
			isa = PBXSourcesBuildPhase;
			buildActionMask = 2147483647;
			files = (
				E3CBE2681E6BAEB200B6126E /* BookModel.swift in Sources */,
				E3CBE2421E6B966400B6126E /* ViewController.swift in Sources */,
				E3CBE2621E6B994200B6126E /* ParsableProtocol.swift in Sources */,
				E3CBE2401E6B966400B6126E /* AppDelegate.swift in Sources */,
				E3CBE2601E6B967F00B6126E /* APIClient.swift in Sources */,
				E3CBE26A1E6BC05F00B6126E /* URLRequestBuilder.swift in Sources */,
				E3CBE26C1E6BC1D400B6126E /* ViewModel.swift in Sources */,
			);
			runOnlyForDeploymentPostprocessing = 0;
		};
		E3CBE24C1E6B966400B6126E /* Sources */ = {
			isa = PBXSourcesBuildPhase;
			buildActionMask = 2147483647;
			files = (
				E3CBE2551E6B966400B6126E /* ProlificLibraryAppTests.swift in Sources */,
			);
			runOnlyForDeploymentPostprocessing = 0;
		};
/* End PBXSourcesBuildPhase section */

/* Begin PBXTargetDependency section */
		E3CBE2521E6B966400B6126E /* PBXTargetDependency */ = {
			isa = PBXTargetDependency;
			target = E3CBE23B1E6B966400B6126E /* ProlificLibraryApp */;
			targetProxy = E3CBE2511E6B966400B6126E /* PBXContainerItemProxy */;
		};
/* End PBXTargetDependency section */

/* Begin PBXVariantGroup section */
		E3CBE2431E6B966400B6126E /* Main.storyboard */ = {
			isa = PBXVariantGroup;
			children = (
				E3CBE2441E6B966400B6126E /* Base */,
			);
			name = Main.storyboard;
			sourceTree = "<group>";
		};
		E3CBE2481E6B966400B6126E /* LaunchScreen.storyboard */ = {
			isa = PBXVariantGroup;
			children = (
				E3CBE2491E6B966400B6126E /* Base */,
			);
			name = LaunchScreen.storyboard;
			sourceTree = "<group>";
		};
/* End PBXVariantGroup section */

/* Begin XCBuildConfiguration section */
		E3CBE2571E6B966400B6126E /* Debug */ = {
			isa = XCBuildConfiguration;
			buildSettings = {
				ALWAYS_SEARCH_USER_PATHS = NO;
				CLANG_ANALYZER_NONNULL = YES;
				CLANG_CXX_LANGUAGE_STANDARD = "gnu++0x";
				CLANG_CXX_LIBRARY = "libc++";
				CLANG_ENABLE_MODULES = YES;
				CLANG_ENABLE_OBJC_ARC = YES;
				CLANG_WARN_BOOL_CONVERSION = YES;
				CLANG_WARN_CONSTANT_CONVERSION = YES;
				CLANG_WARN_DIRECT_OBJC_ISA_USAGE = YES_ERROR;
				CLANG_WARN_DOCUMENTATION_COMMENTS = YES;
				CLANG_WARN_EMPTY_BODY = YES;
				CLANG_WARN_ENUM_CONVERSION = YES;
				CLANG_WARN_INFINITE_RECURSION = YES;
				CLANG_WARN_INT_CONVERSION = YES;
				CLANG_WARN_OBJC_ROOT_CLASS = YES_ERROR;
				CLANG_WARN_SUSPICIOUS_MOVES = YES;
				CLANG_WARN_UNREACHABLE_CODE = YES;
				CLANG_WARN__DUPLICATE_METHOD_MATCH = YES;
				"CODE_SIGN_IDENTITY[sdk=iphoneos*]" = "iPhone Developer";
				COPY_PHASE_STRIP = NO;
				DEBUG_INFORMATION_FORMAT = dwarf;
				ENABLE_STRICT_OBJC_MSGSEND = YES;
				ENABLE_TESTABILITY = YES;
				GCC_C_LANGUAGE_STANDARD = gnu99;
				GCC_DYNAMIC_NO_PIC = NO;
				GCC_NO_COMMON_BLOCKS = YES;
				GCC_OPTIMIZATION_LEVEL = 0;
				GCC_PREPROCESSOR_DEFINITIONS = (
					"DEBUG=1",
					"$(inherited)",
				);
				GCC_WARN_64_TO_32_BIT_CONVERSION = YES;
				GCC_WARN_ABOUT_RETURN_TYPE = YES_ERROR;
				GCC_WARN_UNDECLARED_SELECTOR = YES;
				GCC_WARN_UNINITIALIZED_AUTOS = YES_AGGRESSIVE;
				GCC_WARN_UNUSED_FUNCTION = YES;
				GCC_WARN_UNUSED_VARIABLE = YES;
				IPHONEOS_DEPLOYMENT_TARGET = 10.1;
				MTL_ENABLE_DEBUG_INFO = YES;
				ONLY_ACTIVE_ARCH = YES;
				SDKROOT = iphoneos;
				SWIFT_ACTIVE_COMPILATION_CONDITIONS = DEBUG;
				SWIFT_OPTIMIZATION_LEVEL = "-Onone";
				TARGETED_DEVICE_FAMILY = "1,2";
			};
			name = Debug;
		};
		E3CBE2581E6B966400B6126E /* Release */ = {
			isa = XCBuildConfiguration;
			buildSettings = {
				ALWAYS_SEARCH_USER_PATHS = NO;
				CLANG_ANALYZER_NONNULL = YES;
				CLANG_CXX_LANGUAGE_STANDARD = "gnu++0x";
				CLANG_CXX_LIBRARY = "libc++";
				CLANG_ENABLE_MODULES = YES;
				CLANG_ENABLE_OBJC_ARC = YES;
				CLANG_WARN_BOOL_CONVERSION = YES;
				CLANG_WARN_CONSTANT_CONVERSION = YES;
				CLANG_WARN_DIRECT_OBJC_ISA_USAGE = YES_ERROR;
				CLANG_WARN_DOCUMENTATION_COMMENTS = YES;
				CLANG_WARN_EMPTY_BODY = YES;
				CLANG_WARN_ENUM_CONVERSION = YES;
				CLANG_WARN_INFINITE_RECURSION = YES;
				CLANG_WARN_INT_CONVERSION = YES;
				CLANG_WARN_OBJC_ROOT_CLASS = YES_ERROR;
				CLANG_WARN_SUSPICIOUS_MOVES = YES;
				CLANG_WARN_UNREACHABLE_CODE = YES;
				CLANG_WARN__DUPLICATE_METHOD_MATCH = YES;
				"CODE_SIGN_IDENTITY[sdk=iphoneos*]" = "iPhone Developer";
				COPY_PHASE_STRIP = NO;
				DEBUG_INFORMATION_FORMAT = "dwarf-with-dsym";
				ENABLE_NS_ASSERTIONS = NO;
				ENABLE_STRICT_OBJC_MSGSEND = YES;
				GCC_C_LANGUAGE_STANDARD = gnu99;
				GCC_NO_COMMON_BLOCKS = YES;
				GCC_WARN_64_TO_32_BIT_CONVERSION = YES;
				GCC_WARN_ABOUT_RETURN_TYPE = YES_ERROR;
				GCC_WARN_UNDECLARED_SELECTOR = YES;
				GCC_WARN_UNINITIALIZED_AUTOS = YES_AGGRESSIVE;
				GCC_WARN_UNUSED_FUNCTION = YES;
				GCC_WARN_UNUSED_VARIABLE = YES;
				IPHONEOS_DEPLOYMENT_TARGET = 10.1;
				MTL_ENABLE_DEBUG_INFO = NO;
				SDKROOT = iphoneos;
				SWIFT_OPTIMIZATION_LEVEL = "-Owholemodule";
				TARGETED_DEVICE_FAMILY = "1,2";
				VALIDATE_PRODUCT = YES;
			};
			name = Release;
		};
		E3CBE25A1E6B966400B6126E /* Debug */ = {
			isa = XCBuildConfiguration;
			buildSettings = {
				ASSETCATALOG_COMPILER_APPICON_NAME = AppIcon;
				INFOPLIST_FILE = ProlificLibraryApp/Info.plist;
				LD_RUNPATH_SEARCH_PATHS = "$(inherited) @executable_path/Frameworks";
				PRODUCT_BUNDLE_IDENTIFIER = com.Bereket.ProlificLibraryApp;
				PRODUCT_NAME = "$(TARGET_NAME)";
				SWIFT_VERSION = 3.0;
			};
			name = Debug;
		};
		E3CBE25B1E6B966400B6126E /* Release */ = {
			isa = XCBuildConfiguration;
			buildSettings = {
				ASSETCATALOG_COMPILER_APPICON_NAME = AppIcon;
				INFOPLIST_FILE = ProlificLibraryApp/Info.plist;
				LD_RUNPATH_SEARCH_PATHS = "$(inherited) @executable_path/Frameworks";
				PRODUCT_BUNDLE_IDENTIFIER = com.Bereket.ProlificLibraryApp;
				PRODUCT_NAME = "$(TARGET_NAME)";
				SWIFT_VERSION = 3.0;
			};
			name = Release;
		};
		E3CBE25D1E6B966400B6126E /* Debug */ = {
			isa = XCBuildConfiguration;
			buildSettings = {
				ALWAYS_EMBED_SWIFT_STANDARD_LIBRARIES = YES;
				BUNDLE_LOADER = "$(TEST_HOST)";
				INFOPLIST_FILE = ProlificLibraryAppTests/Info.plist;
				LD_RUNPATH_SEARCH_PATHS = "$(inherited) @executable_path/Frameworks @loader_path/Frameworks";
				PRODUCT_BUNDLE_IDENTIFIER = com.Bereket.ProlificLibraryAppTests;
				PRODUCT_NAME = "$(TARGET_NAME)";
				SWIFT_VERSION = 3.0;
				TEST_HOST = "$(BUILT_PRODUCTS_DIR)/ProlificLibraryApp.app/ProlificLibraryApp";
			};
			name = Debug;
		};
		E3CBE25E1E6B966400B6126E /* Release */ = {
			isa = XCBuildConfiguration;
			buildSettings = {
				ALWAYS_EMBED_SWIFT_STANDARD_LIBRARIES = YES;
				BUNDLE_LOADER = "$(TEST_HOST)";
				INFOPLIST_FILE = ProlificLibraryAppTests/Info.plist;
				LD_RUNPATH_SEARCH_PATHS = "$(inherited) @executable_path/Frameworks @loader_path/Frameworks";
				PRODUCT_BUNDLE_IDENTIFIER = com.Bereket.ProlificLibraryAppTests;
				PRODUCT_NAME = "$(TARGET_NAME)";
				SWIFT_VERSION = 3.0;
				TEST_HOST = "$(BUILT_PRODUCTS_DIR)/ProlificLibraryApp.app/ProlificLibraryApp";
			};
			name = Release;
		};
/* End XCBuildConfiguration section */

/* Begin XCConfigurationList section */
		E3CBE2371E6B966400B6126E /* Build configuration list for PBXProject "ProlificLibraryApp" */ = {
			isa = XCConfigurationList;
			buildConfigurations = (
				E3CBE2571E6B966400B6126E /* Debug */,
				E3CBE2581E6B966400B6126E /* Release */,
			);
			defaultConfigurationIsVisible = 0;
			defaultConfigurationName = Release;
		};
		E3CBE2591E6B966400B6126E /* Build configuration list for PBXNativeTarget "ProlificLibraryApp" */ = {
			isa = XCConfigurationList;
			buildConfigurations = (
				E3CBE25A1E6B966400B6126E /* Debug */,
				E3CBE25B1E6B966400B6126E /* Release */,
			);
			defaultConfigurationIsVisible = 0;
			defaultConfigurationName = Release;
		};
		E3CBE25C1E6B966400B6126E /* Build configuration list for PBXNativeTarget "ProlificLibraryAppTests" */ = {
			isa = XCConfigurationList;
			buildConfigurations = (
				E3CBE25D1E6B966400B6126E /* Debug */,
				E3CBE25E1E6B966400B6126E /* Release */,
			);
			defaultConfigurationIsVisible = 0;
			defaultConfigurationName = Release;
		};
/* End XCConfigurationList section */
	};
	rootObject = E3CBE2341E6B966400B6126E /* Project object */;
}
